// !$*UTF8*$!
{
	archiveVersion = 1;
	classes = {
	};
	objectVersion = 55;
	objects = {

/* Begin PBXBuildFile section */
		BBE71B3B28F057D0003101FE /* AppDelegate.swift in Sources */ = {isa = PBXBuildFile; fileRef = BBE71B3A28F057D0003101FE /* AppDelegate.swift */; };
		BBE71B3D28F057D0003101FE /* SceneDelegate.swift in Sources */ = {isa = PBXBuildFile; fileRef = BBE71B3C28F057D0003101FE /* SceneDelegate.swift */; };
		BBE71B3F28F057D0003101FE /* ViewController.swift in Sources */ = {isa = PBXBuildFile; fileRef = BBE71B3E28F057D0003101FE /* ViewController.swift */; };
		BBE71B4428F057D2003101FE /* Assets.xcassets in Resources */ = {isa = PBXBuildFile; fileRef = BBE71B4328F057D2003101FE /* Assets.xcassets */; };
		BBE71B4728F057D2003101FE /* LaunchScreen.storyboard in Resources */ = {isa = PBXBuildFile; fileRef = BBE71B4528F057D2003101FE /* LaunchScreen.storyboard */; };
		BBE71B5528F05805003101FE /* OutlineShape.swift in Sources */ = {isa = PBXBuildFile; fileRef = BBE71B4E28F05805003101FE /* OutlineShape.swift */; };
		BBE71B5628F05805003101FE /* OutlineRect.swift in Sources */ = {isa = PBXBuildFile; fileRef = BBE71B4F28F05805003101FE /* OutlineRect.swift */; };
		BBE71B5728F05805003101FE /* Readme.md in Resources */ = {isa = PBXBuildFile; fileRef = BBE71B5028F05805003101FE /* Readme.md */; };
		BBE71B5828F05805003101FE /* ColorButton.swift in Sources */ = {isa = PBXBuildFile; fileRef = BBE71B5128F05805003101FE /* ColorButton.swift */; };
		BBE71B5928F05805003101FE /* OutlineTriangle.swift in Sources */ = {isa = PBXBuildFile; fileRef = BBE71B5228F05805003101FE /* OutlineTriangle.swift */; };
		BBE71B5A28F05805003101FE /* SolidShape.swift in Sources */ = {isa = PBXBuildFile; fileRef = BBE71B5328F05805003101FE /* SolidShape.swift */; };
		BBE71B5B28F05805003101FE /* OutlineCircle.swift in Sources */ = {isa = PBXBuildFile; fileRef = BBE71B5428F05805003101FE /* OutlineCircle.swift */; };
		BBE71B6128F0581A003101FE /* DrawingItem.swift in Sources */ = {isa = PBXBuildFile; fileRef = BBE71B5D28F0581A003101FE /* DrawingItem.swift */; };
		BBE71B6228F0581A003101FE /* DrawingView.swift in Sources */ = {isa = PBXBuildFile; fileRef = BBE71B5E28F0581A003101FE /* DrawingView.swift */; };
		BBE71B6328F0581A003101FE /* Circle.swift in Sources */ = {isa = PBXBuildFile; fileRef = BBE71B5F28F0581A003101FE /* Circle.swift */; };
		BBE71B6528F05829003101FE /* Rectangle.swift in Sources */ = {isa = PBXBuildFile; fileRef = BBE71B6428F05829003101FE /* Rectangle.swift */; };
		BBE71B6728F0583C003101FE /* Triangle.swift in Sources */ = {isa = PBXBuildFile; fileRef = BBE71B6628F0583C003101FE /* Triangle.swift */; };
		BBE71B6928F0586C003101FE /* Shape.swift in Sources */ = {isa = PBXBuildFile; fileRef = BBE71B6828F0586B003101FE /* Shape.swift */; };
		BBE71B6B28F058A5003101FE /* Extensions.swift in Sources */ = {isa = PBXBuildFile; fileRef = BBE71B6A28F058A5003101FE /* Extensions.swift */; };
		BBE71B6D28F0590B003101FE /* Main.storyboard in Resources */ = {isa = PBXBuildFile; fileRef = BBE71B6C28F0590B003101FE /* Main.storyboard */; };
/* End PBXBuildFile section */

/* Begin PBXFileReference section */
		BBE71B3728F057D0003101FE /* DrawingApp.app */ = {isa = PBXFileReference; explicitFileType = wrapper.application; includeInIndex = 0; path = DrawingApp.app; sourceTree = BUILT_PRODUCTS_DIR; };
		BBE71B3A28F057D0003101FE /* AppDelegate.swift */ = {isa = PBXFileReference; lastKnownFileType = sourcecode.swift; path = AppDelegate.swift; sourceTree = "<group>"; };
		BBE71B3C28F057D0003101FE /* SceneDelegate.swift */ = {isa = PBXFileReference; lastKnownFileType = sourcecode.swift; path = SceneDelegate.swift; sourceTree = "<group>"; };
		BBE71B3E28F057D0003101FE /* ViewController.swift */ = {isa = PBXFileReference; lastKnownFileType = sourcecode.swift; path = ViewController.swift; sourceTree = "<group>"; };
		BBE71B4328F057D2003101FE /* Assets.xcassets */ = {isa = PBXFileReference; lastKnownFileType = folder.assetcatalog; path = Assets.xcassets; sourceTree = "<group>"; };
		BBE71B4628F057D2003101FE /* Base */ = {isa = PBXFileReference; lastKnownFileType = file.storyboard; name = Base; path = Base.lproj/LaunchScreen.storyboard; sourceTree = "<group>"; };
		BBE71B4828F057D2003101FE /* Info.plist */ = {isa = PBXFileReference; lastKnownFileType = text.plist.xml; path = Info.plist; sourceTree = "<group>"; };
		BBE71B4E28F05805003101FE /* OutlineShape.swift */ = {isa = PBXFileReference; fileEncoding = 4; lastKnownFileType = sourcecode.swift; path = OutlineShape.swift; sourceTree = "<group>"; };
		BBE71B4F28F05805003101FE /* OutlineRect.swift */ = {isa = PBXFileReference; fileEncoding = 4; lastKnownFileType = sourcecode.swift; path = OutlineRect.swift; sourceTree = "<group>"; };
		BBE71B5028F05805003101FE /* Readme.md */ = {isa = PBXFileReference; fileEncoding = 4; lastKnownFileType = net.daringfireball.markdown; path = Readme.md; sourceTree = "<group>"; };
		BBE71B5128F05805003101FE /* ColorButton.swift */ = {isa = PBXFileReference; fileEncoding = 4; lastKnownFileType = sourcecode.swift; path = ColorButton.swift; sourceTree = "<group>"; };
		BBE71B5228F05805003101FE /* OutlineTriangle.swift */ = {isa = PBXFileReference; fileEncoding = 4; lastKnownFileType = sourcecode.swift; path = OutlineTriangle.swift; sourceTree = "<group>"; };
		BBE71B5328F05805003101FE /* SolidShape.swift */ = {isa = PBXFileReference; fileEncoding = 4; lastKnownFileType = sourcecode.swift; path = SolidShape.swift; sourceTree = "<group>"; };
		BBE71B5428F05805003101FE /* OutlineCircle.swift */ = {isa = PBXFileReference; fileEncoding = 4; lastKnownFileType = sourcecode.swift; path = OutlineCircle.swift; sourceTree = "<group>"; };
		BBE71B5D28F0581A003101FE /* DrawingItem.swift */ = {isa = PBXFileReference; fileEncoding = 4; lastKnownFileType = sourcecode.swift; path = DrawingItem.swift; sourceTree = "<group>"; };
		BBE71B5E28F0581A003101FE /* DrawingView.swift */ = {isa = PBXFileReference; fileEncoding = 4; lastKnownFileType = sourcecode.swift; path = DrawingView.swift; sourceTree = "<group>"; };
		BBE71B5F28F0581A003101FE /* Circle.swift */ = {isa = PBXFileReference; fileEncoding = 4; lastKnownFileType = sourcecode.swift; path = Circle.swift; sourceTree = "<group>"; };
		BBE71B6428F05829003101FE /* Rectangle.swift */ = {isa = PBXFileReference; fileEncoding = 4; lastKnownFileType = sourcecode.swift; path = Rectangle.swift; sourceTree = "<group>"; };
		BBE71B6628F0583C003101FE /* Triangle.swift */ = {isa = PBXFileReference; fileEncoding = 4; lastKnownFileType = sourcecode.swift; path = Triangle.swift; sourceTree = "<group>"; };
		BBE71B6828F0586B003101FE /* Shape.swift */ = {isa = PBXFileReference; fileEncoding = 4; lastKnownFileType = sourcecode.swift; path = Shape.swift; sourceTree = "<group>"; };
		BBE71B6A28F058A5003101FE /* Extensions.swift */ = {isa = PBXFileReference; fileEncoding = 4; lastKnownFileType = sourcecode.swift; path = Extensions.swift; sourceTree = "<group>"; };
		BBE71B6C28F0590B003101FE /* Main.storyboard */ = {isa = PBXFileReference; fileEncoding = 4; lastKnownFileType = file.storyboard; path = Main.storyboard; sourceTree = "<group>"; };
/* End PBXFileReference section */

/* Begin PBXFrameworksBuildPhase section */
		BBE71B3428F057D0003101FE /* Frameworks */ = {
			isa = PBXFrameworksBuildPhase;
			buildActionMask = 2147483647;
			files = (
			);
			runOnlyForDeploymentPostprocessing = 0;
		};
/* End PBXFrameworksBuildPhase section */

/* Begin PBXGroup section */
		BBE71B2E28F057D0003101FE = {
			isa = PBXGroup;
			children = (
				BBE71B3928F057D0003101FE /* DrawingApp */,
				BBE71B3828F057D0003101FE /* Products */,
			);
			sourceTree = "<group>";
		};
		BBE71B3828F057D0003101FE /* Products */ = {
			isa = PBXGroup;
			children = (
				BBE71B3728F057D0003101FE /* DrawingApp.app */,
			);
			name = Products;
			sourceTree = "<group>";
		};
		BBE71B3928F057D0003101FE /* DrawingApp */ = {
			isa = PBXGroup;
			children = (
				BBE71B3A28F057D0003101FE /* AppDelegate.swift */,
				BBE71B3C28F057D0003101FE /* SceneDelegate.swift */,
				BBE71B3E28F057D0003101FE /* ViewController.swift */,
				BBE71B5128F05805003101FE /* ColorButton.swift */,
				BBE71B6A28F058A5003101FE /* Extensions.swift */,
				BBE71B6C28F0590B003101FE /* Main.storyboard */,
				BBE71B4328F057D2003101FE /* Assets.xcassets */,
				BBE71B4528F057D2003101FE /* LaunchScreen.storyboard */,
				BBE71B4828F057D2003101FE /* Info.plist */,
				BBE71B6828F0586B003101FE /* Shape.swift */,
				BBE71B5F28F0581A003101FE /* Circle.swift */,
				BBE71B6428F05829003101FE /* Rectangle.swift */,
				BBE71B6628F0583C003101FE /* Triangle.swift */,
				BBE71B5D28F0581A003101FE /* DrawingItem.swift */,
				BBE71B5E28F0581A003101FE /* DrawingView.swift */,
				BBE71B5428F05805003101FE /* OutlineCircle.swift */,
				BBE71B4F28F05805003101FE /* OutlineRect.swift */,
				BBE71B4E28F05805003101FE /* OutlineShape.swift */,
				BBE71B5228F05805003101FE /* OutlineTriangle.swift */,
				BBE71B5328F05805003101FE /* SolidShape.swift */,
				BBE71B5028F05805003101FE /* Readme.md */,
			);
			path = DrawingApp;
			sourceTree = "<group>";
		};
/* End PBXGroup section */

/* Begin PBXNativeTarget section */
		BBE71B3628F057D0003101FE /* DrawingApp */ = {
			isa = PBXNativeTarget;
			buildConfigurationList = BBE71B4B28F057D2003101FE /* Build configuration list for PBXNativeTarget "DrawingApp" */;
			buildPhases = (
				BBE71B3328F057D0003101FE /* Sources */,
				BBE71B3428F057D0003101FE /* Frameworks */,
				BBE71B3528F057D0003101FE /* Resources */,
			);
			buildRules = (
			);
			dependencies = (
			);
			name = DrawingApp;
			productName = DrawingApp;
			productReference = BBE71B3728F057D0003101FE /* DrawingApp.app */;
			productType = "com.apple.product-type.application";
		};
/* End PBXNativeTarget section */

/* Begin PBXProject section */
		BBE71B2F28F057D0003101FE /* Project object */ = {
			isa = PBXProject;
			attributes = {
				BuildIndependentTargetsInParallel = 1;
				LastSwiftUpdateCheck = 1340;
				LastUpgradeCheck = 1340;
				TargetAttributes = {
					BBE71B3628F057D0003101FE = {
						CreatedOnToolsVersion = 13.4.1;
					};
				};
			};
			buildConfigurationList = BBE71B3228F057D0003101FE /* Build configuration list for PBXProject "DrawingApp" */;
			compatibilityVersion = "Xcode 13.0";
			developmentRegion = en;
			hasScannedForEncodings = 0;
			knownRegions = (
				en,
				Base,
			);
			mainGroup = BBE71B2E28F057D0003101FE;
			productRefGroup = BBE71B3828F057D0003101FE /* Products */;
			projectDirPath = "";
			projectRoot = "";
			targets = (
				BBE71B3628F057D0003101FE /* DrawingApp */,
			);
		};
/* End PBXProject section */

/* Begin PBXResourcesBuildPhase section */
		BBE71B3528F057D0003101FE /* Resources */ = {
			isa = PBXResourcesBuildPhase;
			buildActionMask = 2147483647;
			files = (
				BBE71B4728F057D2003101FE /* LaunchScreen.storyboard in Resources */,
				BBE71B6D28F0590B003101FE /* Main.storyboard in Resources */,
				BBE71B4428F057D2003101FE /* Assets.xcassets in Resources */,
				BBE71B5728F05805003101FE /* Readme.md in Resources */,
			);
			runOnlyForDeploymentPostprocessing = 0;
		};
/* End PBXResourcesBuildPhase section */

/* Begin PBXSourcesBuildPhase section */
		BBE71B3328F057D0003101FE /* Sources */ = {
			isa = PBXSourcesBuildPhase;
			buildActionMask = 2147483647;
			files = (
				BBE71B3F28F057D0003101FE /* ViewController.swift in Sources */,
				BBE71B5928F05805003101FE /* OutlineTriangle.swift in Sources */,
				BBE71B3B28F057D0003101FE /* AppDelegate.swift in Sources */,
				BBE71B6228F0581A003101FE /* DrawingView.swift in Sources */,
				BBE71B5528F05805003101FE /* OutlineShape.swift in Sources */,
				BBE71B5828F05805003101FE /* ColorButton.swift in Sources */,
				BBE71B5B28F05805003101FE /* OutlineCircle.swift in Sources */,
				BBE71B6928F0586C003101FE /* Shape.swift in Sources */,
				BBE71B6128F0581A003101FE /* DrawingItem.swift in Sources */,
				BBE71B6328F0581A003101FE /* Circle.swift in Sources */,
				BBE71B5628F05805003101FE /* OutlineRect.swift in Sources */,
				BBE71B6B28F058A5003101FE /* Extensions.swift in Sources */,
				BBE71B3D28F057D0003101FE /* SceneDelegate.swift in Sources */,
				BBE71B6728F0583C003101FE /* Triangle.swift in Sources */,
				BBE71B5A28F05805003101FE /* SolidShape.swift in Sources */,
				BBE71B6528F05829003101FE /* Rectangle.swift in Sources */,
			);
			runOnlyForDeploymentPostprocessing = 0;
		};
/* End PBXSourcesBuildPhase section */

/* Begin PBXVariantGroup section */
		BBE71B4528F057D2003101FE /* LaunchScreen.storyboard */ = {
			isa = PBXVariantGroup;
			children = (
				BBE71B4628F057D2003101FE /* Base */,
			);
			name = LaunchScreen.storyboard;
			sourceTree = "<group>";
		};
/* End PBXVariantGroup section */

/* Begin XCBuildConfiguration section */
		BBE71B4928F057D2003101FE /* Debug */ = {
			isa = XCBuildConfiguration;
			buildSettings = {
				ALWAYS_SEARCH_USER_PATHS = NO;
				CLANG_ANALYZER_NONNULL = YES;
				CLANG_ANALYZER_NUMBER_OBJECT_CONVERSION = YES_AGGRESSIVE;
				CLANG_CXX_LANGUAGE_STANDARD = "gnu++17";
				CLANG_ENABLE_MODULES = YES;
				CLANG_ENABLE_OBJC_ARC = YES;
				CLANG_ENABLE_OBJC_WEAK = YES;
				CLANG_WARN_BLOCK_CAPTURE_AUTORELEASING = YES;
				CLANG_WARN_BOOL_CONVERSION = YES;
				CLANG_WARN_COMMA = YES;
				CLANG_WARN_CONSTANT_CONVERSION = YES;
				CLANG_WARN_DEPRECATED_OBJC_IMPLEMENTATIONS = YES;
				CLANG_WARN_DIRECT_OBJC_ISA_USAGE = YES_ERROR;
				CLANG_WARN_DOCUMENTATION_COMMENTS = YES;
				CLANG_WARN_EMPTY_BODY = YES;
				CLANG_WARN_ENUM_CONVERSION = YES;
				CLANG_WARN_INFINITE_RECURSION = YES;
				CLANG_WARN_INT_CONVERSION = YES;
				CLANG_WARN_NON_LITERAL_NULL_CONVERSION = YES;
				CLANG_WARN_OBJC_IMPLICIT_RETAIN_SELF = YES;
				CLANG_WARN_OBJC_LITERAL_CONVERSION = YES;
				CLANG_WARN_OBJC_ROOT_CLASS = YES_ERROR;
				CLANG_WARN_QUOTED_INCLUDE_IN_FRAMEWORK_HEADER = YES;
				CLANG_WARN_RANGE_LOOP_ANALYSIS = YES;
				CLANG_WARN_STRICT_PROTOTYPES = YES;
				CLANG_WARN_SUSPICIOUS_MOVE = YES;
				CLANG_WARN_UNGUARDED_AVAILABILITY = YES_AGGRESSIVE;
				CLANG_WARN_UNREACHABLE_CODE = YES;
				CLANG_WARN__DUPLICATE_METHOD_MATCH = YES;
				COPY_PHASE_STRIP = NO;
				DEBUG_INFORMATION_FORMAT = dwarf;
				ENABLE_STRICT_OBJC_MSGSEND = YES;
				ENABLE_TESTABILITY = YES;
				GCC_C_LANGUAGE_STANDARD = gnu11;
				GCC_DYNAMIC_NO_PIC = NO;
				GCC_NO_COMMON_BLOCKS = YES;
				GCC_OPTIMIZATION_LEVEL = 0;
				GCC_PREPROCESSOR_DEFINITIONS = (
					"DEBUG=1",
					"$(inherited)",
				);
				GCC_WARN_64_TO_32_BIT_CONVERSION = YES;
				GCC_WARN_ABOUT_RETURN_TYPE = YES_ERROR;
				GCC_WARN_UNDECLARED_SELECTOR = YES;
				GCC_WARN_UNINITIALIZED_AUTOS = YES_AGGRESSIVE;
				GCC_WARN_UNUSED_FUNCTION = YES;
				GCC_WARN_UNUSED_VARIABLE = YES;
				IPHONEOS_DEPLOYMENT_TARGET = 15.5;
				MTL_ENABLE_DEBUG_INFO = INCLUDE_SOURCE;
				MTL_FAST_MATH = YES;
				ONLY_ACTIVE_ARCH = YES;
				SDKROOT = iphoneos;
				SWIFT_ACTIVE_COMPILATION_CONDITIONS = DEBUG;
				SWIFT_OPTIMIZATION_LEVEL = "-Onone";
			};
			name = Debug;
		};
		BBE71B4A28F057D2003101FE /* Release */ = {
			isa = XCBuildConfiguration;
			buildSettings = {
				ALWAYS_SEARCH_USER_PATHS = NO;
				CLANG_ANALYZER_NONNULL = YES;
				CLANG_ANALYZER_NUMBER_OBJECT_CONVERSION = YES_AGGRESSIVE;
				CLANG_CXX_LANGUAGE_STANDARD = "gnu++17";
				CLANG_ENABLE_MODULES = YES;
				CLANG_ENABLE_OBJC_ARC = YES;
				CLANG_ENABLE_OBJC_WEAK = YES;
				CLANG_WARN_BLOCK_CAPTURE_AUTORELEASING = YES;
				CLANG_WARN_BOOL_CONVERSION = YES;
				CLANG_WARN_COMMA = YES;
				CLANG_WARN_CONSTANT_CONVERSION = YES;
				CLANG_WARN_DEPRECATED_OBJC_IMPLEMENTATIONS = YES;
				CLANG_WARN_DIRECT_OBJC_ISA_USAGE = YES_ERROR;
				CLANG_WARN_DOCUMENTATION_COMMENTS = YES;
				CLANG_WARN_EMPTY_BODY = YES;
				CLANG_WARN_ENUM_CONVERSION = YES;
				CLANG_WARN_INFINITE_RECURSION = YES;
				CLANG_WARN_INT_CONVERSION = YES;
				CLANG_WARN_NON_LITERAL_NULL_CONVERSION = YES;
				CLANG_WARN_OBJC_IMPLICIT_RETAIN_SELF = YES;
				CLANG_WARN_OBJC_LITERAL_CONVERSION = YES;
				CLANG_WARN_OBJC_ROOT_CLASS = YES_ERROR;
				CLANG_WARN_QUOTED_INCLUDE_IN_FRAMEWORK_HEADER = YES;
				CLANG_WARN_RANGE_LOOP_ANALYSIS = YES;
				CLANG_WARN_STRICT_PROTOTYPES = YES;
				CLANG_WARN_SUSPICIOUS_MOVE = YES;
				CLANG_WARN_UNGUARDED_AVAILABILITY = YES_AGGRESSIVE;
				CLANG_WARN_UNREACHABLE_CODE = YES;
				CLANG_WARN__DUPLICATE_METHOD_MATCH = YES;
				COPY_PHASE_STRIP = NO;
				DEBUG_INFORMATION_FORMAT = "dwarf-with-dsym";
				ENABLE_NS_ASSERTIONS = NO;
				ENABLE_STRICT_OBJC_MSGSEND = YES;
				GCC_C_LANGUAGE_STANDARD = gnu11;
				GCC_NO_COMMON_BLOCKS = YES;
				GCC_WARN_64_TO_32_BIT_CONVERSION = YES;
				GCC_WARN_ABOUT_RETURN_TYPE = YES_ERROR;
				GCC_WARN_UNDECLARED_SELECTOR = YES;
				GCC_WARN_UNINITIALIZED_AUTOS = YES_AGGRESSIVE;
				GCC_WARN_UNUSED_FUNCTION = YES;
				GCC_WARN_UNUSED_VARIABLE = YES;
				IPHONEOS_DEPLOYMENT_TARGET = 15.5;
				MTL_ENABLE_DEBUG_INFO = NO;
				MTL_FAST_MATH = YES;
				SDKROOT = iphoneos;
				SWIFT_COMPILATION_MODE = wholemodule;
				SWIFT_OPTIMIZATION_LEVEL = "-O";
				VALIDATE_PRODUCT = YES;
			};
			name = Release;
		};
		BBE71B4C28F057D2003101FE /* Debug */ = {
			isa = XCBuildConfiguration;
			buildSettings = {
				ASSETCATALOG_COMPILER_APPICON_NAME = AppIcon;
				ASSETCATALOG_COMPILER_GLOBAL_ACCENT_COLOR_NAME = AccentColor;
				CODE_SIGN_STYLE = Automatic;
				CURRENT_PROJECT_VERSION = 1;
				DEVELOPMENT_TEAM = 8F88569VBQ;
				GENERATE_INFOPLIST_FILE = YES;
				INFOPLIST_FILE = DrawingApp/Info.plist;
				INFOPLIST_KEY_UIApplicationSupportsIndirectInputEvents = YES;
				INFOPLIST_KEY_UILaunchStoryboardName = LaunchScreen;
				INFOPLIST_KEY_UIMainStoryboardFile = Main;
				INFOPLIST_KEY_UISupportedInterfaceOrientations_iPad = "UIInterfaceOrientationPortrait UIInterfaceOrientationPortraitUpsideDown UIInterfaceOrientationLandscapeLeft UIInterfaceOrientationLandscapeRight";
				INFOPLIST_KEY_UISupportedInterfaceOrientations_iPhone = "UIInterfaceOrientationPortrait UIInterfaceOrientationLandscapeLeft UIInterfaceOrientationLandscapeRight";
				LD_RUNPATH_SEARCH_PATHS = (
					"$(inherited)",
					"@executable_path/Frameworks",
				);
				MARKETING_VERSION = 1.0;
				PRODUCT_BUNDLE_IDENTIFIER = com.yourcompany.DrawingApp;
				PRODUCT_NAME = "$(TARGET_NAME)";
				SWIFT_EMIT_LOC_STRINGS = YES;
				SWIFT_VERSION = 5.0;
				TARGETED_DEVICE_FAMILY = "1,2";
			};
			name = Debug;
		};
		BBE71B4D28F057D2003101FE /* Release */ = {
			isa = XCBuildConfiguration;
			buildSettings = {
				ASSETCATALOG_COMPILER_APPICON_NAME = AppIcon;
				ASSETCATALOG_COMPILER_GLOBAL_ACCENT_COLOR_NAME = AccentColor;
				CODE_SIGN_STYLE = Automatic;
				CURRENT_PROJECT_VERSION = 1;
				DEVELOPMENT_TEAM = 8F88569VBQ;
				GENERATE_INFOPLIST_FILE = YES;
				INFOPLIST_FILE = DrawingApp/Info.plist;
				INFOPLIST_KEY_UIApplicationSupportsIndirectInputEvents = YES;
				INFOPLIST_KEY_UILaunchStoryboardName = LaunchScreen;
				INFOPLIST_KEY_UIMainStoryboardFile = Main;
				INFOPLIST_KEY_UISupportedInterfaceOrientations_iPad = "UIInterfaceOrientationPortrait UIInterfaceOrientationPortraitUpsideDown UIInterfaceOrientationLandscapeLeft UIInterfaceOrientationLandscapeRight";
				INFOPLIST_KEY_UISupportedInterfaceOrientations_iPhone = "UIInterfaceOrientationPortrait UIInterfaceOrientationLandscapeLeft UIInterfaceOrientationLandscapeRight";
				LD_RUNPATH_SEARCH_PATHS = (
					"$(inherited)",
					"@executable_path/Frameworks",
				);
				MARKETING_VERSION = 1.0;
				PRODUCT_BUNDLE_IDENTIFIER = com.yourcompany.DrawingApp;
				PRODUCT_NAME = "$(TARGET_NAME)";
				SWIFT_EMIT_LOC_STRINGS = YES;
				SWIFT_VERSION = 5.0;
				TARGETED_DEVICE_FAMILY = "1,2";
			};
			name = Release;
		};
/* End XCBuildConfiguration section */

/* Begin XCConfigurationList section */
		BBE71B3228F057D0003101FE /* Build configuration list for PBXProject "DrawingApp" */ = {
			isa = XCConfigurationList;
			buildConfigurations = (
				BBE71B4928F057D2003101FE /* Debug */,
				BBE71B4A28F057D2003101FE /* Release */,
			);
			defaultConfigurationIsVisible = 0;
			defaultConfigurationName = Release;
		};
		BBE71B4B28F057D2003101FE /* Build configuration list for PBXNativeTarget "DrawingApp" */ = {
			isa = XCConfigurationList;
			buildConfigurations = (
				BBE71B4C28F057D2003101FE /* Debug */,
				BBE71B4D28F057D2003101FE /* Release */,
			);
			defaultConfigurationIsVisible = 0;
			defaultConfigurationName = Release;
		};
/* End XCConfigurationList section */
	};
	rootObject = BBE71B2F28F057D0003101FE /* Project object */;
}
